
Microsoft Visual Studio Solution File, Format Version 12.00
# Visual Studio Version 17
VisualStudioVersion = 17.4.33110.190
MinimumVisualStudioVersion = 10.0.40219.1
Project("{9A19103F-16F7-4668-BE54-9A1E7A4F7556}") = "Wifi.PlaylistEditor.Types", "Wifi.PlaylistEditor.Server.Types\Wifi.PlaylistEditor.Types.csproj", "{BE67D2EC-B41C-4327-93C1-9472DC247CFE}"
EndProject
Project("{9A19103F-16F7-4668-BE54-9A1E7A4F7556}") = "Wifi.PlaylistEditor.Types.Test", "Wifi.PlaylistEditor.Server.Types.Test\Wifi.PlaylistEditor.Types.Test.csproj", "{D9599D25-6843-4D89-8B86-9BDC55876D3E}"
EndProject
Project("{9A19103F-16F7-4668-BE54-9A1E7A4F7556}") = "Wifi.PlaylistEditor.Items", "Wifi.PlaylistEditor.Server.Items\Wifi.PlaylistEditor.Items.csproj", "{3BFF1139-2966-4D5A-BD08-992E74A61D17}"
EndProject
Project("{9A19103F-16F7-4668-BE54-9A1E7A4F7556}") = "Wifi.PlaylistEditor.Repositories", "Wifi.PlaylistEditor.Repositories\Wifi.PlaylistEditor.Repositories.csproj", "{E8643656-5D49-4889-8A9D-0602EB27D10D}"
EndProject
Project("{9A19103F-16F7-4668-BE54-9A1E7A4F7556}") = "Wifi.PlaylistEditor.Repository.Test", "Wifi.PlaylistEditor.Repository.Test\Wifi.PlaylistEditor.Repository.Test.csproj", "{918380C5-BB83-42E9-8DE3-6F8FF460C49C}"
EndProject
Project("{9A19103F-16F7-4668-BE54-9A1E7A4F7556}") = "Wifi.PlaylistEditor.Factories", "Wifi.PlaylistEditor.Factories\Wifi.PlaylistEditor.Factories.csproj", "{CA2DB9CF-EC62-4706-A48B-197FBE24E4A1}"
EndProject
Project("{FAE04EC0-301F-11D3-BF4B-00C04F79EFBC}") = "Wifi.PlayListEditor.Service", "Wifi.PlayListEditor.Service\Wifi.PlayListEditor.Service.csproj", "{85A7512B-9D0F-40CD-AA20-93526AB21C2F}"
EndProject
Project("{FAE04EC0-301F-11D3-BF4B-00C04F79EFBC}") = "Wifi.PlayList.Editor.DbRepositories", "Wifi.PlayList.Editor.DbRepositories\Wifi.PlayList.Editor.DbRepositories.csproj", "{3299B334-AD32-4CAA-8B47-967A6EE130E0}"
EndProject
Project("{FAE04EC0-301F-11D3-BF4B-00C04F79EFBC}") = "Wifi.PlayList.Editor.DbRepositories.Test", "Wifi.PlayList.Editor.DbRepositories.Test\Wifi.PlayList.Editor.DbRepositories.Test.csproj", "{6A0ECC75-202A-4C2A-BE5B-C5E5BBAB0F71}"
EndProject
Global
	GlobalSection(SolutionConfigurationPlatforms) = preSolution
		Debug|Any CPU = Debug|Any CPU
		Release|Any CPU = Release|Any CPU
	EndGlobalSection
	GlobalSection(ProjectConfigurationPlatforms) = postSolution
		{BE67D2EC-B41C-4327-93C1-9472DC247CFE}.Debug|Any CPU.ActiveCfg = Debug|Any CPU
		{BE67D2EC-B41C-4327-93C1-9472DC247CFE}.Debug|Any CPU.Build.0 = Debug|Any CPU
		{BE67D2EC-B41C-4327-93C1-9472DC247CFE}.Release|Any CPU.ActiveCfg = Release|Any CPU
		{BE67D2EC-B41C-4327-93C1-9472DC247CFE}.Release|Any CPU.Build.0 = Release|Any CPU
		{D9599D25-6843-4D89-8B86-9BDC55876D3E}.Debug|Any CPU.ActiveCfg = Debug|Any CPU
		{D9599D25-6843-4D89-8B86-9BDC55876D3E}.Debug|Any CPU.Build.0 = Debug|Any CPU
		{D9599D25-6843-4D89-8B86-9BDC55876D3E}.Release|Any CPU.ActiveCfg = Release|Any CPU
		{D9599D25-6843-4D89-8B86-9BDC55876D3E}.Release|Any CPU.Build.0 = Release|Any CPU
		{3BFF1139-2966-4D5A-BD08-992E74A61D17}.Debug|Any CPU.ActiveCfg = Debug|Any CPU
		{3BFF1139-2966-4D5A-BD08-992E74A61D17}.Debug|Any CPU.Build.0 = Debug|Any CPU
		{3BFF1139-2966-4D5A-BD08-992E74A61D17}.Release|Any CPU.ActiveCfg = Release|Any CPU
		{3BFF1139-2966-4D5A-BD08-992E74A61D17}.Release|Any CPU.Build.0 = Release|Any CPU
		{E8643656-5D49-4889-8A9D-0602EB27D10D}.Debug|Any CPU.ActiveCfg = Debug|Any CPU
		{E8643656-5D49-4889-8A9D-0602EB27D10D}.Debug|Any CPU.Build.0 = Debug|Any CPU
		{E8643656-5D49-4889-8A9D-0602EB27D10D}.Release|Any CPU.ActiveCfg = Release|Any CPU
		{E8643656-5D49-4889-8A9D-0602EB27D10D}.Release|Any CPU.Build.0 = Release|Any CPU
		{918380C5-BB83-42E9-8DE3-6F8FF460C49C}.Debug|Any CPU.ActiveCfg = Debug|Any CPU
		{918380C5-BB83-42E9-8DE3-6F8FF460C49C}.Debug|Any CPU.Build.0 = Debug|Any CPU
		{918380C5-BB83-42E9-8DE3-6F8FF460C49C}.Release|Any CPU.ActiveCfg = Release|Any CPU
		{918380C5-BB83-42E9-8DE3-6F8FF460C49C}.Release|Any CPU.Build.0 = Release|Any CPU
		{CA2DB9CF-EC62-4706-A48B-197FBE24E4A1}.Debug|Any CPU.ActiveCfg = Debug|Any CPU
		{CA2DB9CF-EC62-4706-A48B-197FBE24E4A1}.Debug|Any CPU.Build.0 = Debug|Any CPU
		{CA2DB9CF-EC62-4706-A48B-197FBE24E4A1}.Release|Any CPU.ActiveCfg = Release|Any CPU
		{CA2DB9CF-EC62-4706-A48B-197FBE24E4A1}.Release|Any CPU.Build.0 = Release|Any CPU
		{85A7512B-9D0F-40CD-AA20-93526AB21C2F}.Debug|Any CPU.ActiveCfg = Debug|Any CPU
		{85A7512B-9D0F-40CD-AA20-93526AB21C2F}.Debug|Any CPU.Build.0 = Debug|Any CPU
		{85A7512B-9D0F-40CD-AA20-93526AB21C2F}.Release|Any CPU.ActiveCfg = Release|Any CPU
		{85A7512B-9D0F-40CD-AA20-93526AB21C2F}.Release|Any CPU.Build.0 = Release|Any CPU
		{3299B334-AD32-4CAA-8B47-967A6EE130E0}.Debug|Any CPU.ActiveCfg = Debug|Any CPU
		{3299B334-AD32-4CAA-8B47-967A6EE130E0}.Debug|Any CPU.Build.0 = Debug|Any CPU
		{3299B334-AD32-4CAA-8B47-967A6EE130E0}.Release|Any CPU.ActiveCfg = Release|Any CPU
		{3299B334-AD32-4CAA-8B47-967A6EE130E0}.Release|Any CPU.Build.0 = Release|Any CPU
		{6A0ECC75-202A-4C2A-BE5B-C5E5BBAB0F71}.Debug|Any CPU.ActiveCfg = Debug|Any CPU
		{6A0ECC75-202A-4C2A-BE5B-C5E5BBAB0F71}.Debug|Any CPU.Build.0 = Debug|Any CPU
		{6A0ECC75-202A-4C2A-BE5B-C5E5BBAB0F71}.Release|Any CPU.ActiveCfg = Release|Any CPU
		{6A0ECC75-202A-4C2A-BE5B-C5E5BBAB0F71}.Release|Any CPU.Build.0 = Release|Any CPU
	EndGlobalSection
	GlobalSection(SolutionProperties) = preSolution
		HideSolutionNode = FALSE
	EndGlobalSection
	GlobalSection(ExtensibilityGlobals) = postSolution
		SolutionGuid = {FCF49D58-F032-4E03-91F8-5FA799745137}
	EndGlobalSection
EndGlobal
